{
  "version": 4,
  "terraform_version": "1.10.5",
  "serial": 9,
  "lineage": "2611da75-14be-2a0d-a5f2-2f73360e26b5",
  "outputs": {},
  "resources": [
    {
      "mode": "managed",
      "type": "azuread_user",
      "name": "user",
      "provider": "provider[\"registry.terraform.io/hashicorp/azuread\"]",
      "instances": [
        {
          "index_key": "0",
          "schema_version": 1,
          "attributes": {
            "about_me": "",
            "account_enabled": true,
            "age_group": "",
            "business_phones": [],
            "city": "",
            "company_name": "InfraEntratrial",
            "consent_provided_for_minor": "",
            "cost_center": "",
            "country": "",
            "creation_type": "",
            "department": "IT",
            "disable_password_expiration": false,
            "disable_strong_password": false,
            "display_name": "Goutham B Gummadi",
            "division": "",
            "employee_hire_date": "2025-02-09T00:00:00Z",
            "employee_id": "",
            "employee_type": "",
            "external_user_state": "",
            "fax_number": "",
            "force_password_change": false,
            "given_name": "Goutham",
            "id": "/users/ea99d74c-c052-4c76-93da-09ab1f7f088b",
            "im_addresses": [],
            "job_title": "IT Specialist",
            "mail": "",
            "mail_nickname": "goutham.javadev801",
            "manager_id": "",
            "mobile_phone": "",
            "object_id": "ea99d74c-c052-4c76-93da-09ab1f7f088b",
            "office_location": "",
            "onpremises_distinguished_name": "",
            "onpremises_domain_name": "",
            "onpremises_immutable_id": "",
            "onpremises_sam_account_name": "",
            "onpremises_security_identifier": "",
            "onpremises_sync_enabled": false,
            "onpremises_user_principal_name": "",
            "other_mails": [],
            "password": "GC$it$02092025",
            "postal_code": "",
            "preferred_language": "",
            "proxy_addresses": [],
            "show_in_address_list": true,
            "state": "",
            "street_address": "",
            "surname": "B Gummadi",
            "timeouts": null,
            "usage_location": "",
            "user_principal_name": "goutham.javadev801_gmail.com#EXT#@himajagarrepally95gmail.onmicrosoft.com",
            "user_type": ""
          },
          "sensitive_attributes": [
            [
              {
                "type": "get_attr",
                "value": "password"
              }
            ]
          ],
          "private": "eyJlMmJmYjczMC1lY2FhLTExZTYtOGY4OC0zNDM2M2JjN2M0YzAiOnsiY3JlYXRlIjozMDAwMDAwMDAwMDAsImRlbGV0ZSI6MzAwMDAwMDAwMDAwLCJyZWFkIjozMDAwMDAwMDAwMDAsInVwZGF0ZSI6MzAwMDAwMDAwMDAwfSwic2NoZW1hX3ZlcnNpb24iOiIxIn0="
        },
        {
          "index_key": "1",
          "schema_version": 1,
          "attributes": {
            "about_me": "",
            "account_enabled": true,
            "age_group": "",
            "business_phones": [],
            "city": "",
            "company_name": "InfraEntratrial",
            "consent_provided_for_minor": "",
            "cost_center": "",
            "country": "",
            "creation_type": "",
            "department": "IT",
            "disable_password_expiration": false,
            "disable_strong_password": false,
            "display_name": "Goutham Gummadi",
            "division": "",
            "employee_hire_date": "2025-02-09T00:00:00Z",
            "employee_id": "",
            "employee_type": "",
            "external_user_state": "",
            "fax_number": "",
            "force_password_change": false,
            "given_name": "Goutham",
            "id": "/users/7e56ebf3-9961-44f9-a300-984035db5001",
            "im_addresses": [],
            "job_title": "IT Specialist",
            "mail": "",
            "mail_nickname": "gouthamchowdary77147",
            "manager_id": "",
            "mobile_phone": "",
            "object_id": "7e56ebf3-9961-44f9-a300-984035db5001",
            "office_location": "",
            "onpremises_distinguished_name": "",
            "onpremises_domain_name": "",
            "onpremises_immutable_id": "",
            "onpremises_sam_account_name": "",
            "onpremises_security_identifier": "",
            "onpremises_sync_enabled": false,
            "onpremises_user_principal_name": "",
            "other_mails": null,
            "password": "GC$it$02092025",
            "postal_code": "",
            "preferred_language": "",
            "proxy_addresses": [],
            "show_in_address_list": true,
            "state": "",
            "street_address": "",
            "surname": "Gummadi",
            "timeouts": null,
            "usage_location": "",
            "user_principal_name": "gouthamchowdary77147_gmail.com#EXT#@himajagarrepally95gmail.onmicrosoft.com",
            "user_type": ""
          },
          "sensitive_attributes": [
            [
              {
                "type": "get_attr",
                "value": "password"
              }
            ]
          ],
          "private": "eyJlMmJmYjczMC1lY2FhLTExZTYtOGY4OC0zNDM2M2JjN2M0YzAiOnsiY3JlYXRlIjozMDAwMDAwMDAwMDAsImRlbGV0ZSI6MzAwMDAwMDAwMDAwLCJyZWFkIjozMDAwMDAwMDAwMDAsInVwZGF0ZSI6MzAwMDAwMDAwMDAwfSwic2NoZW1hX3ZlcnNpb24iOiIxIn0="
        }
      ]
    }
  ],
  "check_results": null
}
